
Microsoft Visual Studio Solution File, Format Version 12.00
# Visual Studio Version 17
VisualStudioVersion = 17.1.32210.238
MinimumVisualStudioVersion = 10.0.40219.1
Project("{9A19103F-16F7-4668-BE54-9A1E7A4F7556}") = "PRN211_Grocery_store", "PRN211_Grocery_store\PRN211_Grocery_store.csproj", "{C87277C3-E1A0-42BE-BAC1-5878E93F8A70}"
EndProject
Global
	GlobalSection(SolutionConfigurationPlatforms) = preSolution
		Debug|Any CPU = Debug|Any CPU
		Release|Any CPU = Release|Any CPU
	EndGlobalSection
	GlobalSection(ProjectConfigurationPlatforms) = postSolution
		{C87277C3-E1A0-42BE-BAC1-5878E93F8A70}.Debug|Any CPU.ActiveCfg = Debug|Any CPU
		{C87277C3-E1A0-42BE-BAC1-5878E93F8A70}.Debug|Any CPU.Build.0 = Debug|Any CPU
		{C87277C3-E1A0-42BE-BAC1-5878E93F8A70}.Release|Any CPU.ActiveCfg = Release|Any CPU
		{C87277C3-E1A0-42BE-BAC1-5878E93F8A70}.Release|Any CPU.Build.0 = Release|Any CPU
	EndGlobalSection
	GlobalSection(SolutionProperties) = preSolution
		HideSolutionNode = FALSE
	EndGlobalSection
	GlobalSection(ExtensibilityGlobals) = postSolution
		SolutionGuid = {A211AC94-55FE-4B27-A636-168DEA715D4D}
	EndGlobalSection
EndGlobal
